{
  "nodes": {
    "brew-src": {
      "flake": false,
      "locked": {
        "lastModified": 1781226006,
        "narHash": "sha256-w4ZTuOnhYiDxjaynrMTASzp802QblBWmo3wpB8wVN4Y=",
        "owner": "Homebrew",
        "repo": "brew",
        "rev": "109191be4988470b51a60a5ef1998520aa24c01b",
        "type": "github"
      },
      "original": {
        "owner": "Homebrew",
        "ref": "6.0.1",
        "repo": "brew",
        "type": "github"
      }
    },
    "brewforge-chinese": {
      "flake": false,
      "locked": {
        "lastModified": 1781430488,
        "narHash": "sha256-MNnzUvNr3sUBN6Vjox8AM+uLsPDbJ2XDrI1Dv/P9DCk=",
        "ref": "refs/heads/main",
        "rev": "71692367139a64604f08441a1933fba0b6f281fd",
        "shallow": true,
        "type": "git",
        "url": "https://github.com/Brewforge/homebrew-chinese.git"
      },
      "original": {
        "shallow": true,
        "type": "git",
        "url": "https://github.com/Brewforge/homebrew-chinese.git"
      }
    },
    "home-manager": {
      "inputs": {
        "nixpkgs": [
          "nixpkgs"
        ]
      },
      "locked": {
        "lastModified": 1781319724,
        "narHash": "sha256-ZGuxexEMo4Xv28KJ0dX/m/PHN4oZIOnxHZpNTyrvx4M=",
        "ref": "release-26.05",
        "rev": "8355f0a16b2dbb06a97959a918af5b239bbe05ae",
        "shallow": true,
        "type": "git",
        "url": "https://github.com/nix-community/home-manager.git"
      },
      "original": {
        "ref": "release-26.05",
        "shallow": true,
        "type": "git",
        "url": "https://github.com/nix-community/home-manager.git"
      }
    },
    "homebrew-cask": {
      "flake": false,
      "locked": {
        "lastModified": 1781446042,
        "narHash": "sha256-EI0EZq2paJYmQxqkZp9MCgKY5bkFVJQdf3D3EPfRPfk=",
        "ref": "refs/heads/main",
        "rev": "1d81df918001e033e5043984a10380142143e9b5",
        "shallow": true,
        "type": "git",
        "url": "https://github.com/homebrew/homebrew-cask.git"
      },
      "original": {
        "shallow": true,
        "type": "git",
        "url": "https://github.com/homebrew/homebrew-cask.git"
      }
    },
    "homebrew-core": {
      "flake": false,
      "locked": {
        "lastModified": 1781443671,
        "narHash": "sha256-CrgsO5eEYCgQ/FY7C4atHChV0rTxyTMJb2GySkz+7R0=",
        "ref": "refs/heads/main",
        "rev": "67be52c1fea271b9609e802bbaf54ca05fe08e42",
        "shallow": true,
        "type": "git",
        "url": "https://github.com/homebrew/homebrew-core.git"
      },
      "original": {
        "shallow": true,
        "type": "git",
        "url": "https://github.com/homebrew/homebrew-core.git"
      }
    },
    "jundot-omlx": {
      "flake": false,
      "locked": {
        "lastModified": 1781426028,
        "narHash": "sha256-yiOBv57G6KT4L04fx14H2Rqg040JSBDiZCl/LSOVd9w=",
        "ref": "refs/heads/main",
        "rev": "e4354435bbe8c0b9d5d60d3d3fa3cc02e97e0aa8",
        "shallow": true,
        "type": "git",
        "url": "https://github.com/jundot/omlx.git"
      },
      "original": {
        "shallow": true,
        "type": "git",
        "url": "https://github.com/jundot/omlx.git"
      }
    },
    "mm7894215-tokentracker": {
      "flake": false,
      "locked": {
        "lastModified": 1781420345,
        "narHash": "sha256-euY5t0CRstYOCTZxgqfvfVSSNAc69KMr2O/Wz8D0F5M=",
        "ref": "refs/heads/main",
        "rev": "dcbf09d8df318f62aa555d2b9922505767d4f9ed",
        "shallow": true,
        "type": "git",
        "url": "https://github.com/mm7894215/homebrew-tokentracker.git"
      },
      "original": {
        "shallow": true,
        "type": "git",
        "url": "https://github.com/mm7894215/homebrew-tokentracker.git"
      }
    },
    "nix-darwin": {
      "inputs": {
        "nixpkgs": [
          "nixpkgs"
        ]
      },
      "locked": {
        "lastModified": 1781190061,
        "narHash": "sha256-QRMpLbsmlciMGv4yx75FUoIl54K02JbIX1tgdPHPw1s=",
        "ref": "nix-darwin-26.05",
        "rev": "f2b3fdb347f91dfd344ad196666a0b0fe8aad05c",
        "shallow": true,
        "type": "git",
        "url": "https://github.com/nix-darwin/nix-darwin.git"
      },
      "original": {
        "ref": "nix-darwin-26.05",
        "shallow": true,
        "type": "git",
        "url": "https://github.com/nix-darwin/nix-darwin.git"
      }
    },
    "nix-homebrew": {
      "inputs": {
        "brew-src": "brew-src"
      },
      "locked": {
        "lastModified": 1781389246,
        "narHash": "sha256-ORqLAo/hoJdsZC7UPAuEHev6S0+XIqKEC7vjo5prz1k=",
        "ref": "main",
        "rev": "de7953a08ed4bb9245be043e468561c17b89130d",
        "shallow": true,
        "type": "git",
        "url": "https://github.com/zhaofengli/nix-homebrew.git"
      },
      "original": {
        "ref": "main",
        "shallow": true,
        "type": "git",
        "url": "https://github.com/zhaofengli/nix-homebrew.git"
      }
    },
    "nixpkgs": {
      "locked": {
        "lastModified": 1781216227,
        "narHash": "sha256-9mUW6gNwoN2SWc/l0fW4svPNOulXLl8ijqKyeSOGgJE=",
        "ref": "nixos-26.05",
        "rev": "a0374025a863d007d98e3297f6aa46cc3141c2f0",
        "shallow": true,
        "type": "git",
        "url": "https://github.com/NixOS/nixpkgs.git"
      },
      "original": {
        "ref": "nixos-26.05",
        "shallow": true,
        "type": "git",
        "url": "https://github.com/NixOS/nixpkgs.git"
      }
    },
    "root": {
      "inputs": {
        "brewforge-chinese": "brewforge-chinese",
        "home-manager": "home-manager",
        "homebrew-cask": "homebrew-cask",
        "homebrew-core": "homebrew-core",
        "jundot-omlx": "jundot-omlx",
        "mm7894215-tokentracker": "mm7894215-tokentracker",
        "nix-darwin": "nix-darwin",
        "nix-homebrew": "nix-homebrew",
        "nixpkgs": "nixpkgs"
      }
    }
  },
  "root": "root",
  "version": 7
}
