{
  "nodes": {
    "brew-src": {
      "flake": false,
      "locked": {
        "lastModified": 1784068757,
        "narHash": "sha256-7KnV7rTlMpys+2J+TFVxUDDyKPLXFs4wIMtckMC72VM=",
        "owner": "Homebrew",
        "repo": "brew",
        "rev": "6bd951d96e7ebc54787799dba77bfb26ec956c4c",
        "type": "github"
      },
      "original": {
        "owner": "Homebrew",
        "ref": "6.0.11",
        "repo": "brew",
        "type": "github"
      }
    },
    "brewforge-chinese": {
      "flake": false,
      "locked": {
        "lastModified": 1784103952,
        "narHash": "sha256-RuyiGQxqrWM4QZ/+NOE9uI8l5HgLWUiHA49mTiEsVvA=",
        "ref": "refs/heads/main",
        "rev": "9a2a626f4781078e3aeaed72031b491886e2a62f",
        "shallow": true,
        "type": "git",
        "url": "https://github.com/Brewforge/homebrew-chinese.git"
      },
      "original": {
        "shallow": true,
        "type": "git",
        "url": "https://github.com/Brewforge/homebrew-chinese.git"
      }
    },
    "home-manager": {
      "inputs": {
        "nixpkgs": [
          "nixpkgs"
        ]
      },
      "locked": {
        "lastModified": 1783740085,
        "narHash": "sha256-qajyHfZY29G2oEQk+uHxmsJcRoBUBXP9maTpFlwP/dI=",
        "ref": "release-26.05",
        "rev": "3cd22efe6471dc7365c822bd9ad73a21e55f38fb",
        "shallow": true,
        "type": "git",
        "url": "https://github.com/nix-community/home-manager.git"
      },
      "original": {
        "ref": "release-26.05",
        "shallow": true,
        "type": "git",
        "url": "https://github.com/nix-community/home-manager.git"
      }
    },
    "homebrew-cask": {
      "flake": false,
      "locked": {
        "lastModified": 1784164478,
        "narHash": "sha256-s/lZutnzuBP0wlEGcih8TND4fJ+SlARiDid9hGPtUek=",
        "ref": "refs/heads/main",
        "rev": "416ac4352be268193f612a6f728e206183fef338",
        "shallow": true,
        "type": "git",
        "url": "https://github.com/homebrew/homebrew-cask.git"
      },
      "original": {
        "shallow": true,
        "type": "git",
        "url": "https://github.com/homebrew/homebrew-cask.git"
      }
    },
    "homebrew-core": {
      "flake": false,
      "locked": {
        "lastModified": 1784165076,
        "narHash": "sha256-Oj985Lwd7WC6e4rzMxZq0yB2gjul6eW5G8VNtIIy2vE=",
        "ref": "refs/heads/main",
        "rev": "b8d7549d6338215463eb3c9eb8024291a2c64775",
        "shallow": true,
        "type": "git",
        "url": "https://github.com/homebrew/homebrew-core.git"
      },
      "original": {
        "shallow": true,
        "type": "git",
        "url": "https://github.com/homebrew/homebrew-core.git"
      }
    },
    "jundot-omlx": {
      "flake": false,
      "locked": {
        "lastModified": 1784056476,
        "narHash": "sha256-vg0kZ/XNtRFkInn9A6trk+CGIjTIj1DezEMzgjuCmw8=",
        "ref": "refs/heads/main",
        "rev": "5a39ba3a9c28bd8125aa8502d710b89e874efb46",
        "shallow": true,
        "type": "git",
        "url": "https://github.com/jundot/omlx.git"
      },
      "original": {
        "shallow": true,
        "type": "git",
        "url": "https://github.com/jundot/omlx.git"
      }
    },
    "mm7894215-tokentracker": {
      "flake": false,
      "locked": {
        "lastModified": 1784157111,
        "narHash": "sha256-2Popr0KB99uJPteo8DNe8658Xt+Gh8VcVglXYwffvXM=",
        "ref": "refs/heads/main",
        "rev": "e6085479163b8666f718345cbef324fe07985be9",
        "shallow": true,
        "type": "git",
        "url": "https://github.com/mm7894215/homebrew-tokentracker.git"
      },
      "original": {
        "shallow": true,
        "type": "git",
        "url": "https://github.com/mm7894215/homebrew-tokentracker.git"
      }
    },
    "nix-darwin": {
      "inputs": {
        "nixpkgs": [
          "nixpkgs"
        ]
      },
      "locked": {
        "lastModified": 1783744694,
        "narHash": "sha256-2cp6N3rrwnGYLTx9l6N+NI+kwrCWxvJUbj5WJhvB29A=",
        "ref": "nix-darwin-26.05",
        "rev": "c3e90c89649b07d1a96e4b9dd6cd0d6e44b91a74",
        "shallow": true,
        "type": "git",
        "url": "https://github.com/nix-darwin/nix-darwin.git"
      },
      "original": {
        "ref": "nix-darwin-26.05",
        "shallow": true,
        "type": "git",
        "url": "https://github.com/nix-darwin/nix-darwin.git"
      }
    },
    "nix-homebrew": {
      "inputs": {
        "brew-src": "brew-src"
      },
      "locked": {
        "lastModified": 1784159664,
        "narHash": "sha256-I/B6YoRLImHEqNWh8bs+tPjEDeteACeFhcLyoSMo1GE=",
        "ref": "main",
        "rev": "842eeb863ecca0eeb463f7a814cdc51e1d925776",
        "shallow": true,
        "type": "git",
        "url": "https://github.com/zhaofengli/nix-homebrew.git"
      },
      "original": {
        "ref": "main",
        "shallow": true,
        "type": "git",
        "url": "https://github.com/zhaofengli/nix-homebrew.git"
      }
    },
    "nixpkgs": {
      "locked": {
        "lastModified": 1784011430,
        "narHash": "sha256-lDebytrYdd47IBLwvNOD+6AGeoqZ78CIKlp70hzW280=",
        "ref": "nixos-26.05",
        "rev": "8eeec934ae0dbeca3d7868c059568a65c08b2fc3",
        "shallow": true,
        "type": "git",
        "url": "https://github.com/NixOS/nixpkgs.git"
      },
      "original": {
        "ref": "nixos-26.05",
        "shallow": true,
        "type": "git",
        "url": "https://github.com/NixOS/nixpkgs.git"
      }
    },
    "root": {
      "inputs": {
        "brewforge-chinese": "brewforge-chinese",
        "home-manager": "home-manager",
        "homebrew-cask": "homebrew-cask",
        "homebrew-core": "homebrew-core",
        "jundot-omlx": "jundot-omlx",
        "mm7894215-tokentracker": "mm7894215-tokentracker",
        "nix-darwin": "nix-darwin",
        "nix-homebrew": "nix-homebrew",
        "nixpkgs": "nixpkgs"
      }
    }
  },
  "root": "root",
  "version": 7
}
